
Microsoft Visual Studio Solution File, Format Version 12.00
# Visual Studio Version 16
VisualStudioVersion = 16.0.30503.244
MinimumVisualStudioVersion = 10.0.40219.1
Project("{9A19103F-16F7-4668-BE54-9A1E7A4F7556}") = "FuncprodAPI", "DEMOHTTPTRIGGERFUNC1\FuncprodAPI.csproj", "{A5719752-6A4A-4C57-8C1D-3FBC99A32971}"
EndProject
Global
	GlobalSection(SolutionConfigurationPlatforms) = preSolution
		Debug|Any CPU = Debug|Any CPU
		Release|Any CPU = Release|Any CPU
	EndGlobalSection
	GlobalSection(ProjectConfigurationPlatforms) = postSolution
		{A5719752-6A4A-4C57-8C1D-3FBC99A32971}.Debug|Any CPU.ActiveCfg = Debug|Any CPU
		{A5719752-6A4A-4C57-8C1D-3FBC99A32971}.Debug|Any CPU.Build.0 = Debug|Any CPU
		{A5719752-6A4A-4C57-8C1D-3FBC99A32971}.Release|Any CPU.ActiveCfg = Release|Any CPU
		{A5719752-6A4A-4C57-8C1D-3FBC99A32971}.Release|Any CPU.Build.0 = Release|Any CPU
	EndGlobalSection
	GlobalSection(SolutionProperties) = preSolution
		HideSolutionNode = FALSE
	EndGlobalSection
	GlobalSection(ExtensibilityGlobals) = postSolution
		SolutionGuid = {8F65F810-47DA-4951-8EED-E764FD4D8664}
	EndGlobalSection
EndGlobal
